
Microsoft Visual Studio Solution File, Format Version 12.00
# Visual Studio Version 16
VisualStudioVersion = 16.0.31402.337
MinimumVisualStudioVersion = 10.0.40219.1
Project("{888888A0-9F3D-457C-B088-3A5042F75D52}") = "Morse Code Translator", "Morse Code Translator\Morse Code Translator.pyproj", "{CEA8E6BB-98C5-4270-9430-878E1505E136}"
EndProject
Global
	GlobalSection(SolutionConfigurationPlatforms) = preSolution
		Debug|Any CPU = Debug|Any CPU
		Release|Any CPU = Release|Any CPU
	EndGlobalSection
	GlobalSection(ProjectConfigurationPlatforms) = postSolution
		{CEA8E6BB-98C5-4270-9430-878E1505E136}.Debug|Any CPU.ActiveCfg = Debug|Any CPU
		{CEA8E6BB-98C5-4270-9430-878E1505E136}.Release|Any CPU.ActiveCfg = Release|Any CPU
	EndGlobalSection
	GlobalSection(SolutionProperties) = preSolution
		HideSolutionNode = FALSE
	EndGlobalSection
	GlobalSection(ExtensibilityGlobals) = postSolution
		SolutionGuid = {1B137265-AD95-427A-9B3E-A35501A15A36}
	EndGlobalSection
EndGlobal
